
Microsoft Visual Studio Solution File, Format Version 12.00
# Visual Studio 2015
Project("{FAE04EC0-301F-11D3-BF4B-00C04F79EFBC}") = "ChickenlyProject1.40.CSharp", "ChickenlyProject1.40.CSharp.csproj", "{8C38A981-CECF-4F34-968F-ADF4A76FD26B}"
EndProject
Global
	GlobalSection(SolutionConfigurationPlatforms) = preSolution
		Debug|Any CPU = Debug|Any CPU
		Release|Any CPU = Release|Any CPU
	EndGlobalSection
	GlobalSection(ProjectConfigurationPlatforms) = postSolution
		{8C38A981-CECF-4F34-968F-ADF4A76FD26B}.Debug|Any CPU.ActiveCfg = Debug|Any CPU
		{8C38A981-CECF-4F34-968F-ADF4A76FD26B}.Debug|Any CPU.Build.0 = Debug|Any CPU
		{8C38A981-CECF-4F34-968F-ADF4A76FD26B}.Release|Any CPU.ActiveCfg = Release|Any CPU
		{8C38A981-CECF-4F34-968F-ADF4A76FD26B}.Release|Any CPU.Build.0 = Release|Any CPU
	EndGlobalSection
	GlobalSection(SolutionProperties) = preSolution
		HideSolutionNode = FALSE
	EndGlobalSection
EndGlobal
