
Microsoft Visual Studio Solution File, Format Version 12.00
# Visual Studio 2015
Project("{FAE04EC0-301F-11D3-BF4B-00C04F79EFBC}") = "New020260.CSharp", "New020260.CSharp.csproj", "{A88403BD-BF05-8339-39E5-396D35BA8B79}"
EndProject
Global
	GlobalSection(SolutionConfigurationPlatforms) = preSolution
		Debug|Any CPU = Debug|Any CPU
		Release|Any CPU = Release|Any CPU
	EndGlobalSection
	GlobalSection(ProjectConfigurationPlatforms) = postSolution
		{A88403BD-BF05-8339-39E5-396D35BA8B79}.Debug|Any CPU.ActiveCfg = Debug|Any CPU
		{A88403BD-BF05-8339-39E5-396D35BA8B79}.Debug|Any CPU.Build.0 = Debug|Any CPU
		{A88403BD-BF05-8339-39E5-396D35BA8B79}.Release|Any CPU.ActiveCfg = Release|Any CPU
		{A88403BD-BF05-8339-39E5-396D35BA8B79}.Release|Any CPU.Build.0 = Release|Any CPU
	EndGlobalSection
	GlobalSection(SolutionProperties) = preSolution
		HideSolutionNode = FALSE
	EndGlobalSection
EndGlobal
